
Microsoft Visual Studio Solution File, Format Version 12.00
# Visual Studio 15
VisualStudioVersion = 15.0.28307.539
MinimumVisualStudioVersion = 10.0.40219.1
Project("{FAE04EC0-301F-11D3-BF4B-00C04F79EFBC}") = "WindowsFormsApplication2", "WindowsFormsApplication2.csproj", "{4111FD73-B14F-4319-A7BE-5D0623AD871D}"
EndProject
Project("{FAE04EC0-301F-11D3-BF4B-00C04F79EFBC}") = "WindowsFormsApp1", "..\WindowsFormsApp1\WindowsFormsApp1.csproj", "{CE5C4C54-5BA9-47C5-9413-8F3130D78395}"
EndProject
Global
	GlobalSection(SolutionConfigurationPlatforms) = preSolution
		Debug|Any CPU = Debug|Any CPU
		Release|Any CPU = Release|Any CPU
	EndGlobalSection
	GlobalSection(ProjectConfigurationPlatforms) = postSolution
		{4111FD73-B14F-4319-A7BE-5D0623AD871D}.Debug|Any CPU.ActiveCfg = Debug|Any CPU
		{4111FD73-B14F-4319-A7BE-5D0623AD871D}.Debug|Any CPU.Build.0 = Debug|Any CPU
		{4111FD73-B14F-4319-A7BE-5D0623AD871D}.Release|Any CPU.ActiveCfg = Release|Any CPU
		{4111FD73-B14F-4319-A7BE-5D0623AD871D}.Release|Any CPU.Build.0 = Release|Any CPU
		{CE5C4C54-5BA9-47C5-9413-8F3130D78395}.Debug|Any CPU.ActiveCfg = Debug|Any CPU
		{CE5C4C54-5BA9-47C5-9413-8F3130D78395}.Debug|Any CPU.Build.0 = Debug|Any CPU
		{CE5C4C54-5BA9-47C5-9413-8F3130D78395}.Release|Any CPU.ActiveCfg = Release|Any CPU
		{CE5C4C54-5BA9-47C5-9413-8F3130D78395}.Release|Any CPU.Build.0 = Release|Any CPU
	EndGlobalSection
	GlobalSection(SolutionProperties) = preSolution
		HideSolutionNode = FALSE
	EndGlobalSection
	GlobalSection(ExtensibilityGlobals) = postSolution
		SolutionGuid = {7ECC098D-1FA6-47D3-9A2D-BB74E9912C4B}
	EndGlobalSection
EndGlobal
